
Microsoft Visual Studio Solution File, Format Version 12.00
# Visual Studio 15
VisualStudioVersion = 15.0.27004.2005
MinimumVisualStudioVersion = 10.0.40219.1
Project("{FAE04EC0-301F-11D3-BF4B-00C04F79EFBC}") = "TruncateAHelperClient", "TruncateHelper\TruncateAHelperClient.csproj", "{DF0B0E67-2F2C-4CBF-A831-F27C29346F44}"
EndProject
Project("{FAE04EC0-301F-11D3-BF4B-00C04F79EFBC}") = "TruncateATable", "TruncateATable\TruncateATable.csproj", "{783DEE12-8871-411C-873B-6A3C87946875}"
EndProject
Global
	GlobalSection(SolutionConfigurationPlatforms) = preSolution
		Debug|Any CPU = Debug|Any CPU
		Release|Any CPU = Release|Any CPU
	EndGlobalSection
	GlobalSection(ProjectConfigurationPlatforms) = postSolution
		{DF0B0E67-2F2C-4CBF-A831-F27C29346F44}.Debug|Any CPU.ActiveCfg = Debug|Any CPU
		{DF0B0E67-2F2C-4CBF-A831-F27C29346F44}.Debug|Any CPU.Build.0 = Debug|Any CPU
		{DF0B0E67-2F2C-4CBF-A831-F27C29346F44}.Release|Any CPU.ActiveCfg = Release|Any CPU
		{DF0B0E67-2F2C-4CBF-A831-F27C29346F44}.Release|Any CPU.Build.0 = Release|Any CPU
		{783DEE12-8871-411C-873B-6A3C87946875}.Debug|Any CPU.ActiveCfg = Debug|Any CPU
		{783DEE12-8871-411C-873B-6A3C87946875}.Debug|Any CPU.Build.0 = Debug|Any CPU
		{783DEE12-8871-411C-873B-6A3C87946875}.Release|Any CPU.ActiveCfg = Release|Any CPU
		{783DEE12-8871-411C-873B-6A3C87946875}.Release|Any CPU.Build.0 = Release|Any CPU
	EndGlobalSection
	GlobalSection(SolutionProperties) = preSolution
		HideSolutionNode = FALSE
	EndGlobalSection
	GlobalSection(ExtensibilityGlobals) = postSolution
		SolutionGuid = {5C1ADCFF-A912-49E2-8AFF-E85625192FF7}
	EndGlobalSection
EndGlobal
